
Microsoft Visual Studio Solution File, Format Version 12.00
# Visual Studio Version 17
VisualStudioVersion = 17.14.36109.1 d17.14
MinimumVisualStudioVersion = 10.0.40219.1
Project("{9A19103F-16F7-4668-BE54-9A1E7A4F7556}") = "IntSet", "src\IntSet\IntSet.csproj", "{AE63B664-F383-48F8-8EEE-70FCB2169AF7}"
EndProject
Project("{FAE04EC0-301F-11D3-BF4B-00C04F79EFBC}") = "IntSet.Tests", "src\IntSet.Tests\IntSet.Tests.csproj", "{175DFCC8-9221-4D95-81D3-42C7252227D0}"
EndProject
Project("{2150E333-8FDC-42A3-9474-1A3956D46DE8}") = "Элементы решения", "Элементы решения", "{754FC069-D67B-A9D7-50A1-8D1CA196D8F1}"
	ProjectSection(SolutionItems) = preProject
		.github\workflows\ci-tests.yml = .github\workflows\ci-tests.yml
		.github\workflows\manual-publish.yml = .github\workflows\manual-publish.yml
	EndProjectSection
EndProject
Global
	GlobalSection(SolutionConfigurationPlatforms) = preSolution
		Debug|Any CPU = Debug|Any CPU
		Release|Any CPU = Release|Any CPU
	EndGlobalSection
	GlobalSection(ProjectConfigurationPlatforms) = postSolution
		{AE63B664-F383-48F8-8EEE-70FCB2169AF7}.Debug|Any CPU.ActiveCfg = Debug|Any CPU
		{AE63B664-F383-48F8-8EEE-70FCB2169AF7}.Debug|Any CPU.Build.0 = Debug|Any CPU
		{AE63B664-F383-48F8-8EEE-70FCB2169AF7}.Release|Any CPU.ActiveCfg = Release|Any CPU
		{AE63B664-F383-48F8-8EEE-70FCB2169AF7}.Release|Any CPU.Build.0 = Release|Any CPU
		{175DFCC8-9221-4D95-81D3-42C7252227D0}.Debug|Any CPU.ActiveCfg = Debug|Any CPU
		{175DFCC8-9221-4D95-81D3-42C7252227D0}.Debug|Any CPU.Build.0 = Debug|Any CPU
		{175DFCC8-9221-4D95-81D3-42C7252227D0}.Release|Any CPU.ActiveCfg = Release|Any CPU
		{175DFCC8-9221-4D95-81D3-42C7252227D0}.Release|Any CPU.Build.0 = Release|Any CPU
	EndGlobalSection
	GlobalSection(SolutionProperties) = preSolution
		HideSolutionNode = FALSE
	EndGlobalSection
	GlobalSection(ExtensibilityGlobals) = postSolution
		SolutionGuid = {831885E0-1B4E-4287-BDEB-135D87533880}
	EndGlobalSection
EndGlobal
